
Microsoft Visual Studio Solution File, Format Version 12.00
# Visual Studio Version 17
VisualStudioVersion = 17.0.31903.59
MinimumVisualStudioVersion = 10.0.40219.1
Project("{2150E333-8FDC-42A3-9474-1A3956D46DE8}") = "src", "src", "{4A90FCB1-97D2-4CF3-8AE3-555B7B99DE00}"
EndProject
Project("{FAE04EC0-301F-11D3-BF4B-00C04F79EFBC}") = "Library.Api", "src\Library.Api\Library.Api.csproj", "{9F7230E2-D188-470C-BD07-EB5BDD7EABE1}"
EndProject
Global
	GlobalSection(SolutionConfigurationPlatforms) = preSolution
		Debug|Any CPU = Debug|Any CPU
		Release|Any CPU = Release|Any CPU
	EndGlobalSection
	GlobalSection(SolutionProperties) = preSolution
		HideSolutionNode = FALSE
	EndGlobalSection
	GlobalSection(NestedProjects) = preSolution
		{9F7230E2-D188-470C-BD07-EB5BDD7EABE1} = {4A90FCB1-97D2-4CF3-8AE3-555B7B99DE00}
	EndGlobalSection
	GlobalSection(ProjectConfigurationPlatforms) = postSolution
		{9F7230E2-D188-470C-BD07-EB5BDD7EABE1}.Debug|Any CPU.ActiveCfg = Debug|Any CPU
		{9F7230E2-D188-470C-BD07-EB5BDD7EABE1}.Debug|Any CPU.Build.0 = Debug|Any CPU
		{9F7230E2-D188-470C-BD07-EB5BDD7EABE1}.Release|Any CPU.ActiveCfg = Release|Any CPU
		{9F7230E2-D188-470C-BD07-EB5BDD7EABE1}.Release|Any CPU.Build.0 = Release|Any CPU
	EndGlobalSection
EndGlobal
